
Microsoft Visual Studio Solution File, Format Version 12.00
# Visual Studio Version 17
VisualStudioVersion = 17.2.32505.173
MinimumVisualStudioVersion = 10.0.40219.1
Project("{FAE04EC0-301F-11D3-BF4B-00C04F79EFBC}") = "Tello Interface", "Tello Interface\Tello Interface.csproj", "{54FCD484-F841-470B-B7A4-001458F39893}"
EndProject
Global
	GlobalSection(SolutionConfigurationPlatforms) = preSolution
		Debug|Any CPU = Debug|Any CPU
		Release|Any CPU = Release|Any CPU
	EndGlobalSection
	GlobalSection(ProjectConfigurationPlatforms) = postSolution
		{54FCD484-F841-470B-B7A4-001458F39893}.Debug|Any CPU.ActiveCfg = Debug|Any CPU
		{54FCD484-F841-470B-B7A4-001458F39893}.Debug|Any CPU.Build.0 = Debug|Any CPU
		{54FCD484-F841-470B-B7A4-001458F39893}.Release|Any CPU.ActiveCfg = Release|Any CPU
		{54FCD484-F841-470B-B7A4-001458F39893}.Release|Any CPU.Build.0 = Release|Any CPU
	EndGlobalSection
	GlobalSection(SolutionProperties) = preSolution
		HideSolutionNode = FALSE
	EndGlobalSection
	GlobalSection(ExtensibilityGlobals) = postSolution
		SolutionGuid = {2B9896B5-8C94-4080-B412-6ACE32C4CFEE}
	EndGlobalSection
EndGlobal
